{
  "name": "new-proj",
  "version": "1.0.0",
  "lockfileVersion": 1,
  "requires": true,
  "dependencies": {
    "@olesyazubkova/ajs": {
      "version": "1.0.0",
      "resolved": "https://npm.pkg.github.com/download/@olesyazubkova/ajs/1.0.0/a727e8508a6c342c1c7da014245fd5a006dce68e3cfbaf0db42b5b7fcb28426b",
      "integrity": "sha512-HSt3bStZjG70p5oFZnP5tJ+Fn2TCP4A42G63/QPM1kDz+R7SUXnZTDk0Be8R29vtqd5RhBwnt19IAXPzKwhUjw=="
    }
  }
}
